
Microsoft Visual Studio Solution File, Format Version 12.00
# Visual Studio 14
VisualStudioVersion = 14.0.25123.0
MinimumVisualStudioVersion = 10.0.40219.1
Project("{FAE04EC0-301F-11D3-BF4B-00C04F79EFBC}") = "Server", "Server\Server.csproj", "{B0F9FB15-7285-4EC6-BD09-CDBAFF921E59}"
EndProject
Project("{FAE04EC0-301F-11D3-BF4B-00C04F79EFBC}") = "Client", "Client\Client.csproj", "{AB32865C-0974-4A51-A9A5-ED318393557A}"
EndProject
Global
	GlobalSection(SolutionConfigurationPlatforms) = preSolution
		Debug|Any CPU = Debug|Any CPU
		Release|Any CPU = Release|Any CPU
	EndGlobalSection
	GlobalSection(ProjectConfigurationPlatforms) = postSolution
		{B0F9FB15-7285-4EC6-BD09-CDBAFF921E59}.Debug|Any CPU.ActiveCfg = Debug|Any CPU
		{B0F9FB15-7285-4EC6-BD09-CDBAFF921E59}.Debug|Any CPU.Build.0 = Debug|Any CPU
		{B0F9FB15-7285-4EC6-BD09-CDBAFF921E59}.Release|Any CPU.ActiveCfg = Release|Any CPU
		{B0F9FB15-7285-4EC6-BD09-CDBAFF921E59}.Release|Any CPU.Build.0 = Release|Any CPU
		{AB32865C-0974-4A51-A9A5-ED318393557A}.Debug|Any CPU.ActiveCfg = Debug|Any CPU
		{AB32865C-0974-4A51-A9A5-ED318393557A}.Debug|Any CPU.Build.0 = Debug|Any CPU
		{AB32865C-0974-4A51-A9A5-ED318393557A}.Release|Any CPU.ActiveCfg = Release|Any CPU
		{AB32865C-0974-4A51-A9A5-ED318393557A}.Release|Any CPU.Build.0 = Release|Any CPU
	EndGlobalSection
	GlobalSection(SolutionProperties) = preSolution
		HideSolutionNode = FALSE
	EndGlobalSection
EndGlobal
